
Microsoft Visual Studio Solution File, Format Version 12.00
# Visual Studio Version 17
VisualStudioVersion = 17.1.32210.238
MinimumVisualStudioVersion = 10.0.40219.1
Project("{FAE04EC0-301F-11D3-BF4B-00C04F79EFBC}") = "FFXIV_ACT_BASE", "FFXIV_ACT_BASE.csproj", "{9FFA4A20-3D8E-4019-80DF-1F6B707FBD4C}"
EndProject
Global
	GlobalSection(SolutionConfigurationPlatforms) = preSolution
		Debug|Any CPU = Debug|Any CPU
		Release|Any CPU = Release|Any CPU
	EndGlobalSection
	GlobalSection(ProjectConfigurationPlatforms) = postSolution
		{9FFA4A20-3D8E-4019-80DF-1F6B707FBD4C}.Debug|Any CPU.ActiveCfg = Debug|Any CPU
		{9FFA4A20-3D8E-4019-80DF-1F6B707FBD4C}.Debug|Any CPU.Build.0 = Debug|Any CPU
		{9FFA4A20-3D8E-4019-80DF-1F6B707FBD4C}.Release|Any CPU.ActiveCfg = Release|Any CPU
		{9FFA4A20-3D8E-4019-80DF-1F6B707FBD4C}.Release|Any CPU.Build.0 = Release|Any CPU
	EndGlobalSection
	GlobalSection(SolutionProperties) = preSolution
		HideSolutionNode = FALSE
	EndGlobalSection
	GlobalSection(ExtensibilityGlobals) = postSolution
		SolutionGuid = {CD28C216-B910-41F9-B549-DA042DD0777B}
	EndGlobalSection
EndGlobal
